
Microsoft Visual Studio Solution File, Format Version 12.00
# Visual Studio 15
Project("{FAE04EC0-301F-11D3-BF4B-00C04F79EFBC}") = "ourGame", "ourGame.csproj", "{093A8BEF-9D9B-E966-8954-2AD9514B32FC}"
EndProject
Project("{FAE04EC0-301F-11D3-BF4B-00C04F79EFBC}") = "ourGame.Plugins", "ourGame.Plugins.csproj", "{AB1E0824-6D49-97E3-3193-423A87A98292}"
EndProject
Project("{FAE04EC0-301F-11D3-BF4B-00C04F79EFBC}") = "ourGame.Editor.Plugins", "ourGame.Editor.Plugins.csproj", "{5DB26FCE-3A1B-10D8-CD89-7EAFE089BFCB}"
EndProject
Global
	GlobalSection(SolutionConfigurationPlatforms) = preSolution
		Debug|Any CPU = Debug|Any CPU
		Release|Any CPU = Release|Any CPU
	EndGlobalSection
	GlobalSection(ProjectConfigurationPlatforms) = postSolution
		{093A8BEF-9D9B-E966-8954-2AD9514B32FC}.Debug|Any CPU.ActiveCfg = Debug|Any CPU
		{093A8BEF-9D9B-E966-8954-2AD9514B32FC}.Debug|Any CPU.Build.0 = Debug|Any CPU
		{093A8BEF-9D9B-E966-8954-2AD9514B32FC}.Release|Any CPU.ActiveCfg = Release|Any CPU
		{093A8BEF-9D9B-E966-8954-2AD9514B32FC}.Release|Any CPU.Build.0 = Release|Any CPU
		{AB1E0824-6D49-97E3-3193-423A87A98292}.Debug|Any CPU.ActiveCfg = Debug|Any CPU
		{AB1E0824-6D49-97E3-3193-423A87A98292}.Debug|Any CPU.Build.0 = Debug|Any CPU
		{AB1E0824-6D49-97E3-3193-423A87A98292}.Release|Any CPU.ActiveCfg = Release|Any CPU
		{AB1E0824-6D49-97E3-3193-423A87A98292}.Release|Any CPU.Build.0 = Release|Any CPU
		{5DB26FCE-3A1B-10D8-CD89-7EAFE089BFCB}.Debug|Any CPU.ActiveCfg = Debug|Any CPU
		{5DB26FCE-3A1B-10D8-CD89-7EAFE089BFCB}.Debug|Any CPU.Build.0 = Debug|Any CPU
		{5DB26FCE-3A1B-10D8-CD89-7EAFE089BFCB}.Release|Any CPU.ActiveCfg = Release|Any CPU
		{5DB26FCE-3A1B-10D8-CD89-7EAFE089BFCB}.Release|Any CPU.Build.0 = Release|Any CPU
	EndGlobalSection
	GlobalSection(SolutionProperties) = preSolution
		HideSolutionNode = FALSE
	EndGlobalSection
EndGlobal
